
Microsoft Visual Studio Solution File, Format Version 12.00
# Visual Studio Version 16
VisualStudioVersion = 16.0.30413.136
MinimumVisualStudioVersion = 10.0.40219.1
Project("{8BC9CEB8-8B4A-11D0-8D11-00A0C91BC942}") = "Stack", "Stack\Stack.vcxproj", "{ED233FD9-5382-4413-85E5-92E54219BBE3}"
EndProject
Project("{8BC9CEB8-8B4A-11D0-8D11-00A0C91BC942}") = "Test", "Test\Test.vcxproj", "{ACAD3946-1460-43F4-9B4F-B8236B290D42}"
EndProject
Global
	GlobalSection(SolutionConfigurationPlatforms) = preSolution
		Debug|x64 = Debug|x64
		Debug|x86 = Debug|x86
		Release|x64 = Release|x64
		Release|x86 = Release|x86
	EndGlobalSection
	GlobalSection(ProjectConfigurationPlatforms) = postSolution
		{ED233FD9-5382-4413-85E5-92E54219BBE3}.Debug|x64.ActiveCfg = Debug|x64
		{ED233FD9-5382-4413-85E5-92E54219BBE3}.Debug|x64.Build.0 = Debug|x64
		{ED233FD9-5382-4413-85E5-92E54219BBE3}.Debug|x86.ActiveCfg = Debug|Win32
		{ED233FD9-5382-4413-85E5-92E54219BBE3}.Debug|x86.Build.0 = Debug|Win32
		{ED233FD9-5382-4413-85E5-92E54219BBE3}.Release|x64.ActiveCfg = Release|x64
		{ED233FD9-5382-4413-85E5-92E54219BBE3}.Release|x64.Build.0 = Release|x64
		{ED233FD9-5382-4413-85E5-92E54219BBE3}.Release|x86.ActiveCfg = Release|Win32
		{ED233FD9-5382-4413-85E5-92E54219BBE3}.Release|x86.Build.0 = Release|Win32
		{ACAD3946-1460-43F4-9B4F-B8236B290D42}.Debug|x64.ActiveCfg = Debug|x64
		{ACAD3946-1460-43F4-9B4F-B8236B290D42}.Debug|x64.Build.0 = Debug|x64
		{ACAD3946-1460-43F4-9B4F-B8236B290D42}.Debug|x86.ActiveCfg = Debug|Win32
		{ACAD3946-1460-43F4-9B4F-B8236B290D42}.Debug|x86.Build.0 = Debug|Win32
		{ACAD3946-1460-43F4-9B4F-B8236B290D42}.Release|x64.ActiveCfg = Release|x64
		{ACAD3946-1460-43F4-9B4F-B8236B290D42}.Release|x64.Build.0 = Release|x64
		{ACAD3946-1460-43F4-9B4F-B8236B290D42}.Release|x86.ActiveCfg = Release|Win32
		{ACAD3946-1460-43F4-9B4F-B8236B290D42}.Release|x86.Build.0 = Release|Win32
	EndGlobalSection
	GlobalSection(SolutionProperties) = preSolution
		HideSolutionNode = FALSE
	EndGlobalSection
	GlobalSection(ExtensibilityGlobals) = postSolution
		SolutionGuid = {AC0ABCAC-D5F3-42D7-B255-5A894ADF583F}
	EndGlobalSection
EndGlobal
